
Microsoft Visual Studio Solution File, Format Version 12.00
Project("{2150E333-8FDC-42A3-9474-1A3956D46DE8}") = "SOLID", "SOLID", "{A1252307-486A-4767-BF83-B7EED89C6850}"
EndProject
Project("{FAE04EC0-301F-11D3-BF4B-00C04F79EFBC}") = "SingleResponsibility", "SingleResponsibility\SingleResponsibility.csproj", "{18EC3476-3822-4620-8991-3BAF78AD430D}"
EndProject
Project("{FAE04EC0-301F-11D3-BF4B-00C04F79EFBC}") = "OpenClose", "OpenClose\OpenClose.csproj", "{D05CF4E7-5E7B-4A5E-80E8-F8ADB8FB679B}"
EndProject
Project("{FAE04EC0-301F-11D3-BF4B-00C04F79EFBC}") = "LiskovSubstitution", "LiskovSubstitution\LiskovSubstitution.csproj", "{38F0EF68-2E54-49CB-B67D-00FE1B76FE00}"
EndProject
Project("{FAE04EC0-301F-11D3-BF4B-00C04F79EFBC}") = "InterfaceSegregation", "InterfaceSegregation\InterfaceSegregation.csproj", "{108154BF-A0C0-42F4-9EF8-825F24E97A8C}"
EndProject
Project("{FAE04EC0-301F-11D3-BF4B-00C04F79EFBC}") = "DependencyInversion", "DependencyInversion\DependencyInversion.csproj", "{7A0F2D15-5E35-44B4-AC13-6BB73C1D3193}"
EndProject
Project("{2150E333-8FDC-42A3-9474-1A3956D46DE8}") = "Creational", "Creational", "{03073FC5-FAB9-4102-8D04-300C3E403F1C}"
EndProject
Project("{FAE04EC0-301F-11D3-BF4B-00C04F79EFBC}") = "Builder", "Builder\Builder.csproj", "{53309926-B755-45D2-85E5-3E0965F0FDAD}"
EndProject
Global
	GlobalSection(SolutionConfigurationPlatforms) = preSolution
		Debug|Any CPU = Debug|Any CPU
		Release|Any CPU = Release|Any CPU
	EndGlobalSection
	GlobalSection(ProjectConfigurationPlatforms) = postSolution
		{18EC3476-3822-4620-8991-3BAF78AD430D}.Debug|Any CPU.ActiveCfg = Debug|Any CPU
		{18EC3476-3822-4620-8991-3BAF78AD430D}.Debug|Any CPU.Build.0 = Debug|Any CPU
		{18EC3476-3822-4620-8991-3BAF78AD430D}.Release|Any CPU.ActiveCfg = Release|Any CPU
		{18EC3476-3822-4620-8991-3BAF78AD430D}.Release|Any CPU.Build.0 = Release|Any CPU
		{D05CF4E7-5E7B-4A5E-80E8-F8ADB8FB679B}.Debug|Any CPU.ActiveCfg = Debug|Any CPU
		{D05CF4E7-5E7B-4A5E-80E8-F8ADB8FB679B}.Debug|Any CPU.Build.0 = Debug|Any CPU
		{D05CF4E7-5E7B-4A5E-80E8-F8ADB8FB679B}.Release|Any CPU.ActiveCfg = Release|Any CPU
		{D05CF4E7-5E7B-4A5E-80E8-F8ADB8FB679B}.Release|Any CPU.Build.0 = Release|Any CPU
		{38F0EF68-2E54-49CB-B67D-00FE1B76FE00}.Debug|Any CPU.ActiveCfg = Debug|Any CPU
		{38F0EF68-2E54-49CB-B67D-00FE1B76FE00}.Debug|Any CPU.Build.0 = Debug|Any CPU
		{38F0EF68-2E54-49CB-B67D-00FE1B76FE00}.Release|Any CPU.ActiveCfg = Release|Any CPU
		{38F0EF68-2E54-49CB-B67D-00FE1B76FE00}.Release|Any CPU.Build.0 = Release|Any CPU
		{108154BF-A0C0-42F4-9EF8-825F24E97A8C}.Debug|Any CPU.ActiveCfg = Debug|Any CPU
		{108154BF-A0C0-42F4-9EF8-825F24E97A8C}.Debug|Any CPU.Build.0 = Debug|Any CPU
		{108154BF-A0C0-42F4-9EF8-825F24E97A8C}.Release|Any CPU.ActiveCfg = Release|Any CPU
		{108154BF-A0C0-42F4-9EF8-825F24E97A8C}.Release|Any CPU.Build.0 = Release|Any CPU
		{7A0F2D15-5E35-44B4-AC13-6BB73C1D3193}.Debug|Any CPU.ActiveCfg = Debug|Any CPU
		{7A0F2D15-5E35-44B4-AC13-6BB73C1D3193}.Debug|Any CPU.Build.0 = Debug|Any CPU
		{7A0F2D15-5E35-44B4-AC13-6BB73C1D3193}.Release|Any CPU.ActiveCfg = Release|Any CPU
		{7A0F2D15-5E35-44B4-AC13-6BB73C1D3193}.Release|Any CPU.Build.0 = Release|Any CPU
		{53309926-B755-45D2-85E5-3E0965F0FDAD}.Debug|Any CPU.ActiveCfg = Debug|Any CPU
		{53309926-B755-45D2-85E5-3E0965F0FDAD}.Debug|Any CPU.Build.0 = Debug|Any CPU
		{53309926-B755-45D2-85E5-3E0965F0FDAD}.Release|Any CPU.ActiveCfg = Release|Any CPU
		{53309926-B755-45D2-85E5-3E0965F0FDAD}.Release|Any CPU.Build.0 = Release|Any CPU
	EndGlobalSection
	GlobalSection(NestedProjects) = preSolution
		{18EC3476-3822-4620-8991-3BAF78AD430D} = {A1252307-486A-4767-BF83-B7EED89C6850}
		{D05CF4E7-5E7B-4A5E-80E8-F8ADB8FB679B} = {A1252307-486A-4767-BF83-B7EED89C6850}
		{38F0EF68-2E54-49CB-B67D-00FE1B76FE00} = {A1252307-486A-4767-BF83-B7EED89C6850}
		{108154BF-A0C0-42F4-9EF8-825F24E97A8C} = {A1252307-486A-4767-BF83-B7EED89C6850}
		{7A0F2D15-5E35-44B4-AC13-6BB73C1D3193} = {A1252307-486A-4767-BF83-B7EED89C6850}
		{53309926-B755-45D2-85E5-3E0965F0FDAD} = {03073FC5-FAB9-4102-8D04-300C3E403F1C}
	EndGlobalSection
EndGlobal
